
Microsoft Visual Studio Solution File, Format Version 12.00
# Visual Studio Version 16
VisualStudioVersion = 16.0.30114.105
MinimumVisualStudioVersion = 10.0.40219.1
Project("{F184B08F-C81C-45F6-A57F-5ABD9991F28F}") = "Tareas I Parcial", "Tareas I Parcial.vbproj", "{4A411E55-52BB-4FAC-B097-23C6A2E31E47}"
EndProject
Global
	GlobalSection(SolutionConfigurationPlatforms) = preSolution
		Debug|Any CPU = Debug|Any CPU
		Release|Any CPU = Release|Any CPU
	EndGlobalSection
	GlobalSection(ProjectConfigurationPlatforms) = postSolution
		{4A411E55-52BB-4FAC-B097-23C6A2E31E47}.Debug|Any CPU.ActiveCfg = Debug|Any CPU
		{4A411E55-52BB-4FAC-B097-23C6A2E31E47}.Debug|Any CPU.Build.0 = Debug|Any CPU
		{4A411E55-52BB-4FAC-B097-23C6A2E31E47}.Release|Any CPU.ActiveCfg = Release|Any CPU
		{4A411E55-52BB-4FAC-B097-23C6A2E31E47}.Release|Any CPU.Build.0 = Release|Any CPU
	EndGlobalSection
	GlobalSection(SolutionProperties) = preSolution
		HideSolutionNode = FALSE
	EndGlobalSection
	GlobalSection(ExtensibilityGlobals) = postSolution
		SolutionGuid = {205125DE-32F8-4FDA-9DDA-6C70AF91D2E0}
	EndGlobalSection
EndGlobal
